
Microsoft Visual Studio Solution File, Format Version 12.00
# Visual Studio Version 16
VisualStudioVersion = 16.0.28803.452
MinimumVisualStudioVersion = 10.0.40219.1
Project("{9A19103F-16F7-4668-BE54-9A1E7A4F7556}") = "Train", "Train\Train.csproj", "{9331DE4E-B5AE-4EE0-9822-A08A2A446927}"
EndProject
Project("{9A19103F-16F7-4668-BE54-9A1E7A4F7556}") = "Common-Elements", "Common-Elements\Common-Elements.csproj", "{F28E0AEC-1552-4C4E-8C0D-FDD8FF19B44E}"
EndProject
Project("{9A19103F-16F7-4668-BE54-9A1E7A4F7556}") = "Zig-Zag-Arrays", "Zig-Zag-Arrays\Zig-Zag-Arrays.csproj", "{7DDCF2F5-F2F0-48F3-B359-1B00E8F67C9C}"
EndProject
Project("{9A19103F-16F7-4668-BE54-9A1E7A4F7556}") = "Array-Rotation", "Array-Rotation\Array-Rotation.csproj", "{4E5F6C0A-91DF-4AEF-97F5-8407FF775835}"
EndProject
Project("{9A19103F-16F7-4668-BE54-9A1E7A4F7556}") = "Top-Integers", "Top-Integers\Top-Integers.csproj", "{24AD3C17-B2F5-407F-A6DC-AB399CF426C2}"
EndProject
Project("{9A19103F-16F7-4668-BE54-9A1E7A4F7556}") = "Equal-Sum", "Equal-Sum\Equal-Sum.csproj", "{E868456A-6CD5-49FA-830E-EC0AD723650B}"
EndProject
Project("{9A19103F-16F7-4668-BE54-9A1E7A4F7556}") = "Max-Sequence-Of-Equal-Elements", "Max-Sequence-Of-Equal-Elements\Max-Sequence-Of-Equal-Elements.csproj", "{95A3EC76-FB54-41F3-8C2C-560581C5B3FB}"
EndProject
Project("{9A19103F-16F7-4668-BE54-9A1E7A4F7556}") = "Magic-Sum", "Magic-Sum\Magic-Sum.csproj", "{9F6026FA-2F8B-48A8-A804-76302C5AC90A}"
EndProject
Project("{9A19103F-16F7-4668-BE54-9A1E7A4F7556}") = "LadyBugs", "LadyBugs\LadyBugs.csproj", "{181C6C9D-1F66-4D0E-96D6-360712AEB566}"
EndProject
Project("{FAE04EC0-301F-11D3-BF4B-00C04F79EFBC}") = "Kamino-Factory-Second-Attempt", "Kamino-Factory-Second-Attempt\Kamino-Factory-Second-Attempt.csproj", "{CBF92E77-47CC-4970-B244-C93D1E3346CD}"
EndProject
Global
	GlobalSection(SolutionConfigurationPlatforms) = preSolution
		Debug|Any CPU = Debug|Any CPU
		Release|Any CPU = Release|Any CPU
	EndGlobalSection
	GlobalSection(ProjectConfigurationPlatforms) = postSolution
		{9331DE4E-B5AE-4EE0-9822-A08A2A446927}.Debug|Any CPU.ActiveCfg = Debug|Any CPU
		{9331DE4E-B5AE-4EE0-9822-A08A2A446927}.Debug|Any CPU.Build.0 = Debug|Any CPU
		{9331DE4E-B5AE-4EE0-9822-A08A2A446927}.Release|Any CPU.ActiveCfg = Release|Any CPU
		{9331DE4E-B5AE-4EE0-9822-A08A2A446927}.Release|Any CPU.Build.0 = Release|Any CPU
		{F28E0AEC-1552-4C4E-8C0D-FDD8FF19B44E}.Debug|Any CPU.ActiveCfg = Debug|Any CPU
		{F28E0AEC-1552-4C4E-8C0D-FDD8FF19B44E}.Debug|Any CPU.Build.0 = Debug|Any CPU
		{F28E0AEC-1552-4C4E-8C0D-FDD8FF19B44E}.Release|Any CPU.ActiveCfg = Release|Any CPU
		{F28E0AEC-1552-4C4E-8C0D-FDD8FF19B44E}.Release|Any CPU.Build.0 = Release|Any CPU
		{7DDCF2F5-F2F0-48F3-B359-1B00E8F67C9C}.Debug|Any CPU.ActiveCfg = Debug|Any CPU
		{7DDCF2F5-F2F0-48F3-B359-1B00E8F67C9C}.Debug|Any CPU.Build.0 = Debug|Any CPU
		{7DDCF2F5-F2F0-48F3-B359-1B00E8F67C9C}.Release|Any CPU.ActiveCfg = Release|Any CPU
		{7DDCF2F5-F2F0-48F3-B359-1B00E8F67C9C}.Release|Any CPU.Build.0 = Release|Any CPU
		{4E5F6C0A-91DF-4AEF-97F5-8407FF775835}.Debug|Any CPU.ActiveCfg = Debug|Any CPU
		{4E5F6C0A-91DF-4AEF-97F5-8407FF775835}.Debug|Any CPU.Build.0 = Debug|Any CPU
		{4E5F6C0A-91DF-4AEF-97F5-8407FF775835}.Release|Any CPU.ActiveCfg = Release|Any CPU
		{4E5F6C0A-91DF-4AEF-97F5-8407FF775835}.Release|Any CPU.Build.0 = Release|Any CPU
		{24AD3C17-B2F5-407F-A6DC-AB399CF426C2}.Debug|Any CPU.ActiveCfg = Debug|Any CPU
		{24AD3C17-B2F5-407F-A6DC-AB399CF426C2}.Debug|Any CPU.Build.0 = Debug|Any CPU
		{24AD3C17-B2F5-407F-A6DC-AB399CF426C2}.Release|Any CPU.ActiveCfg = Release|Any CPU
		{24AD3C17-B2F5-407F-A6DC-AB399CF426C2}.Release|Any CPU.Build.0 = Release|Any CPU
		{E868456A-6CD5-49FA-830E-EC0AD723650B}.Debug|Any CPU.ActiveCfg = Debug|Any CPU
		{E868456A-6CD5-49FA-830E-EC0AD723650B}.Debug|Any CPU.Build.0 = Debug|Any CPU
		{E868456A-6CD5-49FA-830E-EC0AD723650B}.Release|Any CPU.ActiveCfg = Release|Any CPU
		{E868456A-6CD5-49FA-830E-EC0AD723650B}.Release|Any CPU.Build.0 = Release|Any CPU
		{95A3EC76-FB54-41F3-8C2C-560581C5B3FB}.Debug|Any CPU.ActiveCfg = Debug|Any CPU
		{95A3EC76-FB54-41F3-8C2C-560581C5B3FB}.Debug|Any CPU.Build.0 = Debug|Any CPU
		{95A3EC76-FB54-41F3-8C2C-560581C5B3FB}.Release|Any CPU.ActiveCfg = Release|Any CPU
		{95A3EC76-FB54-41F3-8C2C-560581C5B3FB}.Release|Any CPU.Build.0 = Release|Any CPU
		{9F6026FA-2F8B-48A8-A804-76302C5AC90A}.Debug|Any CPU.ActiveCfg = Debug|Any CPU
		{9F6026FA-2F8B-48A8-A804-76302C5AC90A}.Debug|Any CPU.Build.0 = Debug|Any CPU
		{9F6026FA-2F8B-48A8-A804-76302C5AC90A}.Release|Any CPU.ActiveCfg = Release|Any CPU
		{9F6026FA-2F8B-48A8-A804-76302C5AC90A}.Release|Any CPU.Build.0 = Release|Any CPU
		{181C6C9D-1F66-4D0E-96D6-360712AEB566}.Debug|Any CPU.ActiveCfg = Debug|Any CPU
		{181C6C9D-1F66-4D0E-96D6-360712AEB566}.Debug|Any CPU.Build.0 = Debug|Any CPU
		{181C6C9D-1F66-4D0E-96D6-360712AEB566}.Release|Any CPU.ActiveCfg = Release|Any CPU
		{181C6C9D-1F66-4D0E-96D6-360712AEB566}.Release|Any CPU.Build.0 = Release|Any CPU
		{CBF92E77-47CC-4970-B244-C93D1E3346CD}.Debug|Any CPU.ActiveCfg = Debug|Any CPU
		{CBF92E77-47CC-4970-B244-C93D1E3346CD}.Debug|Any CPU.Build.0 = Debug|Any CPU
		{CBF92E77-47CC-4970-B244-C93D1E3346CD}.Release|Any CPU.ActiveCfg = Release|Any CPU
		{CBF92E77-47CC-4970-B244-C93D1E3346CD}.Release|Any CPU.Build.0 = Release|Any CPU
	EndGlobalSection
	GlobalSection(SolutionProperties) = preSolution
		HideSolutionNode = FALSE
	EndGlobalSection
	GlobalSection(ExtensibilityGlobals) = postSolution
		SolutionGuid = {264F5013-D20D-4DFA-8F5C-599BBA9B94B9}
	EndGlobalSection
EndGlobal
