
Microsoft Visual Studio Solution File, Format Version 12.00
# Visual Studio Version 16
VisualStudioVersion = 16.0.28803.452
MinimumVisualStudioVersion = 10.0.40219.1
Project("{FAE04EC0-301F-11D3-BF4B-00C04F79EFBC}") = "Data-Types", "Data-Types\Data-Types.csproj", "{B7B2FE68-6A8B-4A72-BC9D-6473568A4226}"
EndProject
Project("{FAE04EC0-301F-11D3-BF4B-00C04F79EFBC}") = "Center-Point", "Center-Point\Center-Point.csproj", "{47FE7430-6547-4962-8F6A-4B7D3022A8E9}"
EndProject
Project("{FAE04EC0-301F-11D3-BF4B-00C04F79EFBC}") = "Longer-Line", "Longer-Line\Longer-Line.csproj", "{D9AD0FC3-F828-430B-96AF-B7C3EAB9B1C2}"
EndProject
Project("{FAE04EC0-301F-11D3-BF4B-00C04F79EFBC}") = "Tribonacci-Sequence", "Tribonacci-Sequence\Tribonacci-Sequence.csproj", "{49B4D254-9145-4BAD-9283-48727B965819}"
EndProject
Project("{FAE04EC0-301F-11D3-BF4B-00C04F79EFBC}") = "Multiplication-Sign", "Multiplication-Sign\Multiplication-Sign.csproj", "{D0E4EC48-E641-4568-8406-76486F3DB249}"
EndProject
Global
	GlobalSection(SolutionConfigurationPlatforms) = preSolution
		Debug|Any CPU = Debug|Any CPU
		Release|Any CPU = Release|Any CPU
	EndGlobalSection
	GlobalSection(ProjectConfigurationPlatforms) = postSolution
		{B7B2FE68-6A8B-4A72-BC9D-6473568A4226}.Debug|Any CPU.ActiveCfg = Debug|Any CPU
		{B7B2FE68-6A8B-4A72-BC9D-6473568A4226}.Debug|Any CPU.Build.0 = Debug|Any CPU
		{B7B2FE68-6A8B-4A72-BC9D-6473568A4226}.Release|Any CPU.ActiveCfg = Release|Any CPU
		{B7B2FE68-6A8B-4A72-BC9D-6473568A4226}.Release|Any CPU.Build.0 = Release|Any CPU
		{47FE7430-6547-4962-8F6A-4B7D3022A8E9}.Debug|Any CPU.ActiveCfg = Debug|Any CPU
		{47FE7430-6547-4962-8F6A-4B7D3022A8E9}.Debug|Any CPU.Build.0 = Debug|Any CPU
		{47FE7430-6547-4962-8F6A-4B7D3022A8E9}.Release|Any CPU.ActiveCfg = Release|Any CPU
		{47FE7430-6547-4962-8F6A-4B7D3022A8E9}.Release|Any CPU.Build.0 = Release|Any CPU
		{D9AD0FC3-F828-430B-96AF-B7C3EAB9B1C2}.Debug|Any CPU.ActiveCfg = Debug|Any CPU
		{D9AD0FC3-F828-430B-96AF-B7C3EAB9B1C2}.Debug|Any CPU.Build.0 = Debug|Any CPU
		{D9AD0FC3-F828-430B-96AF-B7C3EAB9B1C2}.Release|Any CPU.ActiveCfg = Release|Any CPU
		{D9AD0FC3-F828-430B-96AF-B7C3EAB9B1C2}.Release|Any CPU.Build.0 = Release|Any CPU
		{49B4D254-9145-4BAD-9283-48727B965819}.Debug|Any CPU.ActiveCfg = Debug|Any CPU
		{49B4D254-9145-4BAD-9283-48727B965819}.Debug|Any CPU.Build.0 = Debug|Any CPU
		{49B4D254-9145-4BAD-9283-48727B965819}.Release|Any CPU.ActiveCfg = Release|Any CPU
		{49B4D254-9145-4BAD-9283-48727B965819}.Release|Any CPU.Build.0 = Release|Any CPU
		{D0E4EC48-E641-4568-8406-76486F3DB249}.Debug|Any CPU.ActiveCfg = Debug|Any CPU
		{D0E4EC48-E641-4568-8406-76486F3DB249}.Debug|Any CPU.Build.0 = Debug|Any CPU
		{D0E4EC48-E641-4568-8406-76486F3DB249}.Release|Any CPU.ActiveCfg = Release|Any CPU
		{D0E4EC48-E641-4568-8406-76486F3DB249}.Release|Any CPU.Build.0 = Release|Any CPU
	EndGlobalSection
	GlobalSection(SolutionProperties) = preSolution
		HideSolutionNode = FALSE
	EndGlobalSection
	GlobalSection(ExtensibilityGlobals) = postSolution
		SolutionGuid = {0CC7831B-EDAC-443D-91CF-BD2A6E286FD3}
	EndGlobalSection
EndGlobal
