
Microsoft Visual Studio Solution File, Format Version 12.00
# Visual Studio Version 16
VisualStudioVersion = 16.0.31229.75
MinimumVisualStudioVersion = 10.0.40219.1
Project("{FAE04EC0-301F-11D3-BF4B-00C04F79EFBC}") = "Custom-List", "Custom-List\Custom-List.csproj", "{AA81FC9B-A4AC-4CA4-A8A5-0B11E553A0F7}"
EndProject
Project("{FAE04EC0-301F-11D3-BF4B-00C04F79EFBC}") = "Custom-Stack", "Custom-Stack\Custom-Stack.csproj", "{FC59DF5D-85C0-460F-BC1B-7684E67AA272}"
EndProject
Global
	GlobalSection(SolutionConfigurationPlatforms) = preSolution
		Debug|Any CPU = Debug|Any CPU
		Release|Any CPU = Release|Any CPU
	EndGlobalSection
	GlobalSection(ProjectConfigurationPlatforms) = postSolution
		{AA81FC9B-A4AC-4CA4-A8A5-0B11E553A0F7}.Debug|Any CPU.ActiveCfg = Debug|Any CPU
		{AA81FC9B-A4AC-4CA4-A8A5-0B11E553A0F7}.Debug|Any CPU.Build.0 = Debug|Any CPU
		{AA81FC9B-A4AC-4CA4-A8A5-0B11E553A0F7}.Release|Any CPU.ActiveCfg = Release|Any CPU
		{AA81FC9B-A4AC-4CA4-A8A5-0B11E553A0F7}.Release|Any CPU.Build.0 = Release|Any CPU
		{FC59DF5D-85C0-460F-BC1B-7684E67AA272}.Debug|Any CPU.ActiveCfg = Debug|Any CPU
		{FC59DF5D-85C0-460F-BC1B-7684E67AA272}.Debug|Any CPU.Build.0 = Debug|Any CPU
		{FC59DF5D-85C0-460F-BC1B-7684E67AA272}.Release|Any CPU.ActiveCfg = Release|Any CPU
		{FC59DF5D-85C0-460F-BC1B-7684E67AA272}.Release|Any CPU.Build.0 = Release|Any CPU
	EndGlobalSection
	GlobalSection(SolutionProperties) = preSolution
		HideSolutionNode = FALSE
	EndGlobalSection
	GlobalSection(ExtensibilityGlobals) = postSolution
		SolutionGuid = {0619E329-9BD3-4855-A0F8-AF5385D2F0F6}
	EndGlobalSection
EndGlobal
