
Microsoft Visual Studio Solution File, Format Version 12.00
# Visual Studio Version 16
VisualStudioVersion = 16.0.28803.452
MinimumVisualStudioVersion = 10.0.40219.1
Project("{9A19103F-16F7-4668-BE54-9A1E7A4F7556}") = "Messaging", "Messaging\Messaging.csproj", "{CE1306BF-93DF-4AAB-B7C8-5891AB2DA6DB}"
EndProject
Project("{9A19103F-16F7-4668-BE54-9A1E7A4F7556}") = "Car-Race", "Car-Race\Car-Race.csproj", "{3CB096C4-53B6-40E5-BB56-5CB3981EAED6}"
EndProject
Project("{9A19103F-16F7-4668-BE54-9A1E7A4F7556}") = "Take-Or-Skip-Rope", "Take-Or-Skip-Rope\Take-Or-Skip-Rope.csproj", "{4C1BA9BC-4F6B-4042-926A-940BC578A020}"
EndProject
Project("{FAE04EC0-301F-11D3-BF4B-00C04F79EFBC}") = "Mixed-Up-Lists", "Mixed-Up-Lists\Mixed-Up-Lists.csproj", "{4F9BBE7E-4158-46A5-A7DA-574222E97C52}"
EndProject
Project("{FAE04EC0-301F-11D3-BF4B-00C04F79EFBC}") = "Drum-Set", "Drum-Set\Drum-Set.csproj", "{31A1B8DB-27D1-40D9-B222-2F45924279F5}"
EndProject
Global
	GlobalSection(SolutionConfigurationPlatforms) = preSolution
		Debug|Any CPU = Debug|Any CPU
		Release|Any CPU = Release|Any CPU
	EndGlobalSection
	GlobalSection(ProjectConfigurationPlatforms) = postSolution
		{CE1306BF-93DF-4AAB-B7C8-5891AB2DA6DB}.Debug|Any CPU.ActiveCfg = Debug|Any CPU
		{CE1306BF-93DF-4AAB-B7C8-5891AB2DA6DB}.Debug|Any CPU.Build.0 = Debug|Any CPU
		{CE1306BF-93DF-4AAB-B7C8-5891AB2DA6DB}.Release|Any CPU.ActiveCfg = Release|Any CPU
		{CE1306BF-93DF-4AAB-B7C8-5891AB2DA6DB}.Release|Any CPU.Build.0 = Release|Any CPU
		{3CB096C4-53B6-40E5-BB56-5CB3981EAED6}.Debug|Any CPU.ActiveCfg = Debug|Any CPU
		{3CB096C4-53B6-40E5-BB56-5CB3981EAED6}.Debug|Any CPU.Build.0 = Debug|Any CPU
		{3CB096C4-53B6-40E5-BB56-5CB3981EAED6}.Release|Any CPU.ActiveCfg = Release|Any CPU
		{3CB096C4-53B6-40E5-BB56-5CB3981EAED6}.Release|Any CPU.Build.0 = Release|Any CPU
		{4C1BA9BC-4F6B-4042-926A-940BC578A020}.Debug|Any CPU.ActiveCfg = Debug|Any CPU
		{4C1BA9BC-4F6B-4042-926A-940BC578A020}.Debug|Any CPU.Build.0 = Debug|Any CPU
		{4C1BA9BC-4F6B-4042-926A-940BC578A020}.Release|Any CPU.ActiveCfg = Release|Any CPU
		{4C1BA9BC-4F6B-4042-926A-940BC578A020}.Release|Any CPU.Build.0 = Release|Any CPU
		{4F9BBE7E-4158-46A5-A7DA-574222E97C52}.Debug|Any CPU.ActiveCfg = Debug|Any CPU
		{4F9BBE7E-4158-46A5-A7DA-574222E97C52}.Debug|Any CPU.Build.0 = Debug|Any CPU
		{4F9BBE7E-4158-46A5-A7DA-574222E97C52}.Release|Any CPU.ActiveCfg = Release|Any CPU
		{4F9BBE7E-4158-46A5-A7DA-574222E97C52}.Release|Any CPU.Build.0 = Release|Any CPU
		{31A1B8DB-27D1-40D9-B222-2F45924279F5}.Debug|Any CPU.ActiveCfg = Debug|Any CPU
		{31A1B8DB-27D1-40D9-B222-2F45924279F5}.Debug|Any CPU.Build.0 = Debug|Any CPU
		{31A1B8DB-27D1-40D9-B222-2F45924279F5}.Release|Any CPU.ActiveCfg = Release|Any CPU
		{31A1B8DB-27D1-40D9-B222-2F45924279F5}.Release|Any CPU.Build.0 = Release|Any CPU
	EndGlobalSection
	GlobalSection(SolutionProperties) = preSolution
		HideSolutionNode = FALSE
	EndGlobalSection
	GlobalSection(ExtensibilityGlobals) = postSolution
		SolutionGuid = {4A922D68-0917-409F-8CCD-75971EBCFFCD}
	EndGlobalSection
EndGlobal
