
Microsoft Visual Studio Solution File, Format Version 12.00
# Visual Studio Version 16
VisualStudioVersion = 16.0.31624.102
MinimumVisualStudioVersion = 10.0.40219.1
Project("{FAE04EC0-301F-11D3-BF4B-00C04F79EFBC}") = "MyQuizApplication", "MyQuizApplication\MyQuizApplication.csproj", "{0BC938CD-2A84-4747-A31F-6CD59CF359D8}"
EndProject
Project("{FAE04EC0-301F-11D3-BF4B-00C04F79EFBC}") = "MyQuizApplication.Core", "MyQuizApplication.Core\MyQuizApplication.Core.csproj", "{8360D0D6-44ED-4FEF-93A0-D9AE1D326428}"
EndProject
Project("{FAE04EC0-301F-11D3-BF4B-00C04F79EFBC}") = "MyQuizApplication.Infrastructure", "MyQuizApplication.Integrations\MyQuizApplication.Infrastructure.csproj", "{8FE09977-55B8-4DE9-85E1-01732D9796B4}"
EndProject
Global
	GlobalSection(SolutionConfigurationPlatforms) = preSolution
		Debug|Any CPU = Debug|Any CPU
		Release|Any CPU = Release|Any CPU
	EndGlobalSection
	GlobalSection(ProjectConfigurationPlatforms) = postSolution
		{0BC938CD-2A84-4747-A31F-6CD59CF359D8}.Debug|Any CPU.ActiveCfg = Debug|Any CPU
		{0BC938CD-2A84-4747-A31F-6CD59CF359D8}.Debug|Any CPU.Build.0 = Debug|Any CPU
		{0BC938CD-2A84-4747-A31F-6CD59CF359D8}.Release|Any CPU.ActiveCfg = Release|Any CPU
		{0BC938CD-2A84-4747-A31F-6CD59CF359D8}.Release|Any CPU.Build.0 = Release|Any CPU
		{8360D0D6-44ED-4FEF-93A0-D9AE1D326428}.Debug|Any CPU.ActiveCfg = Debug|Any CPU
		{8360D0D6-44ED-4FEF-93A0-D9AE1D326428}.Debug|Any CPU.Build.0 = Debug|Any CPU
		{8360D0D6-44ED-4FEF-93A0-D9AE1D326428}.Release|Any CPU.ActiveCfg = Release|Any CPU
		{8360D0D6-44ED-4FEF-93A0-D9AE1D326428}.Release|Any CPU.Build.0 = Release|Any CPU
		{8FE09977-55B8-4DE9-85E1-01732D9796B4}.Debug|Any CPU.ActiveCfg = Debug|Any CPU
		{8FE09977-55B8-4DE9-85E1-01732D9796B4}.Debug|Any CPU.Build.0 = Debug|Any CPU
		{8FE09977-55B8-4DE9-85E1-01732D9796B4}.Release|Any CPU.ActiveCfg = Release|Any CPU
		{8FE09977-55B8-4DE9-85E1-01732D9796B4}.Release|Any CPU.Build.0 = Release|Any CPU
	EndGlobalSection
	GlobalSection(SolutionProperties) = preSolution
		HideSolutionNode = FALSE
	EndGlobalSection
	GlobalSection(ExtensibilityGlobals) = postSolution
		SolutionGuid = {38AEB2E1-E528-4390-B66B-69D29E0D9FE9}
	EndGlobalSection
EndGlobal
