
Microsoft Visual Studio Solution File, Format Version 12.00
# Visual Studio Version 16
VisualStudioVersion = 16.0.31229.75
MinimumVisualStudioVersion = 10.0.40219.1
Project("{9A19103F-16F7-4668-BE54-9A1E7A4F7556}") = "IteratorsAndComparators", "Library\IteratorsAndComparators.csproj", "{E6F30342-0959-418C-895E-F64E1B9C4126}"
EndProject
Global
	GlobalSection(SolutionConfigurationPlatforms) = preSolution
		Debug|Any CPU = Debug|Any CPU
		Release|Any CPU = Release|Any CPU
	EndGlobalSection
	GlobalSection(ProjectConfigurationPlatforms) = postSolution
		{E6F30342-0959-418C-895E-F64E1B9C4126}.Debug|Any CPU.ActiveCfg = Debug|Any CPU
		{E6F30342-0959-418C-895E-F64E1B9C4126}.Debug|Any CPU.Build.0 = Debug|Any CPU
		{E6F30342-0959-418C-895E-F64E1B9C4126}.Release|Any CPU.ActiveCfg = Release|Any CPU
		{E6F30342-0959-418C-895E-F64E1B9C4126}.Release|Any CPU.Build.0 = Release|Any CPU
	EndGlobalSection
	GlobalSection(SolutionProperties) = preSolution
		HideSolutionNode = FALSE
	EndGlobalSection
	GlobalSection(ExtensibilityGlobals) = postSolution
		SolutionGuid = {3EF3E167-30C8-4DC5-BFFE-F16E507F8271}
	EndGlobalSection
EndGlobal
