
Microsoft Visual Studio Solution File, Format Version 12.00
# Visual Studio 15
VisualStudioVersion = 15.0.28307.438
MinimumVisualStudioVersion = 10.0.40219.1
Project("{FAE04EC0-301F-11D3-BF4B-00C04F79EFBC}") = "Matrix", "Matrix\Matrix.csproj", "{FC5D3A29-DCC2-46A2-ACFA-C626A8D1B2FD}"
EndProject
Project("{FAE04EC0-301F-11D3-BF4B-00C04F79EFBC}") = "Equal-Sums-Left-Right-Position", "Equal-Sums-Left-Right-Position\Equal-Sums-Left-Right-Position.csproj", "{E1917AB6-83C9-4762-8CDF-85FA55E88B95}"
EndProject
Project("{FAE04EC0-301F-11D3-BF4B-00C04F79EFBC}") = "Sum-Prime-Non-Prime", "Sum-Prime-Non-Prime\Sum-Prime-Non-Prime.csproj", "{ABB47F85-5670-42C5-A9F0-FA2C076BDB92}"
EndProject
Project("{FAE04EC0-301F-11D3-BF4B-00C04F79EFBC}") = "Number-Pyramid", "Number-Pyramid\Number-Pyramid.csproj", "{ABEF1D47-4526-475F-9D1D-983CBAB44213}"
EndProject
Project("{FAE04EC0-301F-11D3-BF4B-00C04F79EFBC}") = "Coding", "Coding\Coding.csproj", "{A938FB08-2488-44AB-AD0E-78442CA0737B}"
EndProject
Project("{FAE04EC0-301F-11D3-BF4B-00C04F79EFBC}") = "Equal-Sums-Even-Odd-Position", "Equal-Sums-Even-Odd-Position\Equal-Sums-Even-Odd-Position.csproj", "{CAF4BB5B-665A-4EFC-AD4B-C5B31A348E68}"
EndProject
Project("{FAE04EC0-301F-11D3-BF4B-00C04F79EFBC}") = "Password-Generator", "Password-Generator\Password-Generator.csproj", "{321E03A8-E8A9-43DA-8EA4-D3E9358154C3}"
EndProject
Project("{FAE04EC0-301F-11D3-BF4B-00C04F79EFBC}") = "Train-The-Trainers", "Train-The-Trainers\Train-The-Trainers.csproj", "{8B3D34B7-53D7-40BE-8FC6-D4BAC9811790}"
EndProject
Project("{FAE04EC0-301F-11D3-BF4B-00C04F79EFBC}") = "Fishing", "Fishing\Fishing.csproj", "{F5F0E340-53D7-474E-A4C2-CFE75B7E9513}"
EndProject
Project("{FAE04EC0-301F-11D3-BF4B-00C04F79EFBC}") = "Special-Numbers", "Special-Numbers\Special-Numbers.csproj", "{291736AB-552D-4BD2-863B-8F191063D423}"
EndProject
Global
	GlobalSection(SolutionConfigurationPlatforms) = preSolution
		Debug|Any CPU = Debug|Any CPU
		Release|Any CPU = Release|Any CPU
	EndGlobalSection
	GlobalSection(ProjectConfigurationPlatforms) = postSolution
		{FC5D3A29-DCC2-46A2-ACFA-C626A8D1B2FD}.Debug|Any CPU.ActiveCfg = Debug|Any CPU
		{FC5D3A29-DCC2-46A2-ACFA-C626A8D1B2FD}.Debug|Any CPU.Build.0 = Debug|Any CPU
		{FC5D3A29-DCC2-46A2-ACFA-C626A8D1B2FD}.Release|Any CPU.ActiveCfg = Release|Any CPU
		{FC5D3A29-DCC2-46A2-ACFA-C626A8D1B2FD}.Release|Any CPU.Build.0 = Release|Any CPU
		{E1917AB6-83C9-4762-8CDF-85FA55E88B95}.Debug|Any CPU.ActiveCfg = Debug|Any CPU
		{E1917AB6-83C9-4762-8CDF-85FA55E88B95}.Debug|Any CPU.Build.0 = Debug|Any CPU
		{E1917AB6-83C9-4762-8CDF-85FA55E88B95}.Release|Any CPU.ActiveCfg = Release|Any CPU
		{E1917AB6-83C9-4762-8CDF-85FA55E88B95}.Release|Any CPU.Build.0 = Release|Any CPU
		{ABB47F85-5670-42C5-A9F0-FA2C076BDB92}.Debug|Any CPU.ActiveCfg = Debug|Any CPU
		{ABB47F85-5670-42C5-A9F0-FA2C076BDB92}.Debug|Any CPU.Build.0 = Debug|Any CPU
		{ABB47F85-5670-42C5-A9F0-FA2C076BDB92}.Release|Any CPU.ActiveCfg = Release|Any CPU
		{ABB47F85-5670-42C5-A9F0-FA2C076BDB92}.Release|Any CPU.Build.0 = Release|Any CPU
		{ABEF1D47-4526-475F-9D1D-983CBAB44213}.Debug|Any CPU.ActiveCfg = Debug|Any CPU
		{ABEF1D47-4526-475F-9D1D-983CBAB44213}.Debug|Any CPU.Build.0 = Debug|Any CPU
		{ABEF1D47-4526-475F-9D1D-983CBAB44213}.Release|Any CPU.ActiveCfg = Release|Any CPU
		{ABEF1D47-4526-475F-9D1D-983CBAB44213}.Release|Any CPU.Build.0 = Release|Any CPU
		{A938FB08-2488-44AB-AD0E-78442CA0737B}.Debug|Any CPU.ActiveCfg = Debug|Any CPU
		{A938FB08-2488-44AB-AD0E-78442CA0737B}.Debug|Any CPU.Build.0 = Debug|Any CPU
		{A938FB08-2488-44AB-AD0E-78442CA0737B}.Release|Any CPU.ActiveCfg = Release|Any CPU
		{A938FB08-2488-44AB-AD0E-78442CA0737B}.Release|Any CPU.Build.0 = Release|Any CPU
		{CAF4BB5B-665A-4EFC-AD4B-C5B31A348E68}.Debug|Any CPU.ActiveCfg = Debug|Any CPU
		{CAF4BB5B-665A-4EFC-AD4B-C5B31A348E68}.Debug|Any CPU.Build.0 = Debug|Any CPU
		{CAF4BB5B-665A-4EFC-AD4B-C5B31A348E68}.Release|Any CPU.ActiveCfg = Release|Any CPU
		{CAF4BB5B-665A-4EFC-AD4B-C5B31A348E68}.Release|Any CPU.Build.0 = Release|Any CPU
		{321E03A8-E8A9-43DA-8EA4-D3E9358154C3}.Debug|Any CPU.ActiveCfg = Debug|Any CPU
		{321E03A8-E8A9-43DA-8EA4-D3E9358154C3}.Debug|Any CPU.Build.0 = Debug|Any CPU
		{321E03A8-E8A9-43DA-8EA4-D3E9358154C3}.Release|Any CPU.ActiveCfg = Release|Any CPU
		{321E03A8-E8A9-43DA-8EA4-D3E9358154C3}.Release|Any CPU.Build.0 = Release|Any CPU
		{8B3D34B7-53D7-40BE-8FC6-D4BAC9811790}.Debug|Any CPU.ActiveCfg = Debug|Any CPU
		{8B3D34B7-53D7-40BE-8FC6-D4BAC9811790}.Debug|Any CPU.Build.0 = Debug|Any CPU
		{8B3D34B7-53D7-40BE-8FC6-D4BAC9811790}.Release|Any CPU.ActiveCfg = Release|Any CPU
		{8B3D34B7-53D7-40BE-8FC6-D4BAC9811790}.Release|Any CPU.Build.0 = Release|Any CPU
		{F5F0E340-53D7-474E-A4C2-CFE75B7E9513}.Debug|Any CPU.ActiveCfg = Debug|Any CPU
		{F5F0E340-53D7-474E-A4C2-CFE75B7E9513}.Debug|Any CPU.Build.0 = Debug|Any CPU
		{F5F0E340-53D7-474E-A4C2-CFE75B7E9513}.Release|Any CPU.ActiveCfg = Release|Any CPU
		{F5F0E340-53D7-474E-A4C2-CFE75B7E9513}.Release|Any CPU.Build.0 = Release|Any CPU
		{291736AB-552D-4BD2-863B-8F191063D423}.Debug|Any CPU.ActiveCfg = Debug|Any CPU
		{291736AB-552D-4BD2-863B-8F191063D423}.Debug|Any CPU.Build.0 = Debug|Any CPU
		{291736AB-552D-4BD2-863B-8F191063D423}.Release|Any CPU.ActiveCfg = Release|Any CPU
		{291736AB-552D-4BD2-863B-8F191063D423}.Release|Any CPU.Build.0 = Release|Any CPU
	EndGlobalSection
	GlobalSection(SolutionProperties) = preSolution
		HideSolutionNode = FALSE
	EndGlobalSection
	GlobalSection(ExtensibilityGlobals) = postSolution
		SolutionGuid = {809E3FA3-A4A5-43B1-AD07-4ECD5E29D726}
	EndGlobalSection
EndGlobal
