
Microsoft Visual Studio Solution File, Format Version 12.00
# Visual Studio Version 16
VisualStudioVersion = 16.0.28803.452
MinimumVisualStudioVersion = 10.0.40219.1
Project("{FAE04EC0-301F-11D3-BF4B-00C04F79EFBC}") = "Count-Real-Numbers", "Count-Real-Numbers\Count-Real-Numbers.csproj", "{807DDA0E-5041-44CE-8EA4-B5EBAB2D35A0}"
EndProject
Project("{FAE04EC0-301F-11D3-BF4B-00C04F79EFBC}") = "Odd-Occurrences", "Odd-Occurrences\Odd-Occurrences.csproj", "{671EF8C9-8702-450B-AA6A-1BFE4C8AD8EA}"
EndProject
Project("{FAE04EC0-301F-11D3-BF4B-00C04F79EFBC}") = "Word-Synonyms", "Word-Synonyms\Word-Synonyms.csproj", "{2D403222-DAA7-47FD-803F-AEF605A82500}"
EndProject
Project("{FAE04EC0-301F-11D3-BF4B-00C04F79EFBC}") = "Largest-3-Numbers", "Largest-3-Numbers\Largest-3-Numbers.csproj", "{C068091C-522B-4BC4-9194-54A592EEE12B}"
EndProject
Project("{FAE04EC0-301F-11D3-BF4B-00C04F79EFBC}") = "Word-Filter", "Word-Filter\Word-Filter.csproj", "{FA9ECE7A-7125-476F-9FC8-9A64B9EE4A1F}"
EndProject
Global
	GlobalSection(SolutionConfigurationPlatforms) = preSolution
		Debug|Any CPU = Debug|Any CPU
		Release|Any CPU = Release|Any CPU
	EndGlobalSection
	GlobalSection(ProjectConfigurationPlatforms) = postSolution
		{807DDA0E-5041-44CE-8EA4-B5EBAB2D35A0}.Debug|Any CPU.ActiveCfg = Debug|Any CPU
		{807DDA0E-5041-44CE-8EA4-B5EBAB2D35A0}.Debug|Any CPU.Build.0 = Debug|Any CPU
		{807DDA0E-5041-44CE-8EA4-B5EBAB2D35A0}.Release|Any CPU.ActiveCfg = Release|Any CPU
		{807DDA0E-5041-44CE-8EA4-B5EBAB2D35A0}.Release|Any CPU.Build.0 = Release|Any CPU
		{671EF8C9-8702-450B-AA6A-1BFE4C8AD8EA}.Debug|Any CPU.ActiveCfg = Debug|Any CPU
		{671EF8C9-8702-450B-AA6A-1BFE4C8AD8EA}.Debug|Any CPU.Build.0 = Debug|Any CPU
		{671EF8C9-8702-450B-AA6A-1BFE4C8AD8EA}.Release|Any CPU.ActiveCfg = Release|Any CPU
		{671EF8C9-8702-450B-AA6A-1BFE4C8AD8EA}.Release|Any CPU.Build.0 = Release|Any CPU
		{2D403222-DAA7-47FD-803F-AEF605A82500}.Debug|Any CPU.ActiveCfg = Debug|Any CPU
		{2D403222-DAA7-47FD-803F-AEF605A82500}.Debug|Any CPU.Build.0 = Debug|Any CPU
		{2D403222-DAA7-47FD-803F-AEF605A82500}.Release|Any CPU.ActiveCfg = Release|Any CPU
		{2D403222-DAA7-47FD-803F-AEF605A82500}.Release|Any CPU.Build.0 = Release|Any CPU
		{C068091C-522B-4BC4-9194-54A592EEE12B}.Debug|Any CPU.ActiveCfg = Debug|Any CPU
		{C068091C-522B-4BC4-9194-54A592EEE12B}.Debug|Any CPU.Build.0 = Debug|Any CPU
		{C068091C-522B-4BC4-9194-54A592EEE12B}.Release|Any CPU.ActiveCfg = Release|Any CPU
		{C068091C-522B-4BC4-9194-54A592EEE12B}.Release|Any CPU.Build.0 = Release|Any CPU
		{FA9ECE7A-7125-476F-9FC8-9A64B9EE4A1F}.Debug|Any CPU.ActiveCfg = Debug|Any CPU
		{FA9ECE7A-7125-476F-9FC8-9A64B9EE4A1F}.Debug|Any CPU.Build.0 = Debug|Any CPU
		{FA9ECE7A-7125-476F-9FC8-9A64B9EE4A1F}.Release|Any CPU.ActiveCfg = Release|Any CPU
		{FA9ECE7A-7125-476F-9FC8-9A64B9EE4A1F}.Release|Any CPU.Build.0 = Release|Any CPU
	EndGlobalSection
	GlobalSection(SolutionProperties) = preSolution
		HideSolutionNode = FALSE
	EndGlobalSection
	GlobalSection(ExtensibilityGlobals) = postSolution
		SolutionGuid = {99BB62B9-EA95-44D8-ACDE-CAD13B8ED60B}
	EndGlobalSection
EndGlobal
