
Microsoft Visual Studio Solution File, Format Version 12.00
# Visual Studio Version 16
VisualStudioVersion = 16.0.28803.452
MinimumVisualStudioVersion = 10.0.40219.1
Project("{9A19103F-16F7-4668-BE54-9A1E7A4F7556}") = "Encrypt-Sort-And-Print-Array", "Encrypt-Sort-And-Print-Array\Encrypt-Sort-And-Print-Array.csproj", "{D787699E-BD70-471B-81AE-6537F1923FB1}"
EndProject
Project("{9A19103F-16F7-4668-BE54-9A1E7A4F7556}") = "Pascal-Triangle", "Pascal-Triangle\Pascal-Triangle.csproj", "{74161694-111D-4416-87D7-3C06113A9EB0}"
EndProject
Project("{9A19103F-16F7-4668-BE54-9A1E7A4F7556}") = "Recursive-Fibonacci", "Recursive-Fibonacci\Recursive-Fibonacci.csproj", "{18703A48-23A1-407E-B4A6-D0D000F37E65}"
EndProject
Project("{9A19103F-16F7-4668-BE54-9A1E7A4F7556}") = "Fold-And-Sum", "Fold-And-Sum\Fold-And-Sum.csproj", "{C10342AC-CC03-4743-81C7-4026E24B152F}"
EndProject
Project("{FAE04EC0-301F-11D3-BF4B-00C04F79EFBC}") = "Longest-Increasing-Subsequence", "Longest-Increasing-Subsequence\Longest-Increasing-Subsequence.csproj", "{24008041-4735-4682-B679-128FF8A899CC}"
EndProject
Global
	GlobalSection(SolutionConfigurationPlatforms) = preSolution
		Debug|Any CPU = Debug|Any CPU
		Release|Any CPU = Release|Any CPU
	EndGlobalSection
	GlobalSection(ProjectConfigurationPlatforms) = postSolution
		{D787699E-BD70-471B-81AE-6537F1923FB1}.Debug|Any CPU.ActiveCfg = Debug|Any CPU
		{D787699E-BD70-471B-81AE-6537F1923FB1}.Debug|Any CPU.Build.0 = Debug|Any CPU
		{D787699E-BD70-471B-81AE-6537F1923FB1}.Release|Any CPU.ActiveCfg = Release|Any CPU
		{D787699E-BD70-471B-81AE-6537F1923FB1}.Release|Any CPU.Build.0 = Release|Any CPU
		{74161694-111D-4416-87D7-3C06113A9EB0}.Debug|Any CPU.ActiveCfg = Debug|Any CPU
		{74161694-111D-4416-87D7-3C06113A9EB0}.Debug|Any CPU.Build.0 = Debug|Any CPU
		{74161694-111D-4416-87D7-3C06113A9EB0}.Release|Any CPU.ActiveCfg = Release|Any CPU
		{74161694-111D-4416-87D7-3C06113A9EB0}.Release|Any CPU.Build.0 = Release|Any CPU
		{18703A48-23A1-407E-B4A6-D0D000F37E65}.Debug|Any CPU.ActiveCfg = Debug|Any CPU
		{18703A48-23A1-407E-B4A6-D0D000F37E65}.Debug|Any CPU.Build.0 = Debug|Any CPU
		{18703A48-23A1-407E-B4A6-D0D000F37E65}.Release|Any CPU.ActiveCfg = Release|Any CPU
		{18703A48-23A1-407E-B4A6-D0D000F37E65}.Release|Any CPU.Build.0 = Release|Any CPU
		{C10342AC-CC03-4743-81C7-4026E24B152F}.Debug|Any CPU.ActiveCfg = Debug|Any CPU
		{C10342AC-CC03-4743-81C7-4026E24B152F}.Debug|Any CPU.Build.0 = Debug|Any CPU
		{C10342AC-CC03-4743-81C7-4026E24B152F}.Release|Any CPU.ActiveCfg = Release|Any CPU
		{C10342AC-CC03-4743-81C7-4026E24B152F}.Release|Any CPU.Build.0 = Release|Any CPU
		{24008041-4735-4682-B679-128FF8A899CC}.Debug|Any CPU.ActiveCfg = Debug|Any CPU
		{24008041-4735-4682-B679-128FF8A899CC}.Debug|Any CPU.Build.0 = Debug|Any CPU
		{24008041-4735-4682-B679-128FF8A899CC}.Release|Any CPU.ActiveCfg = Release|Any CPU
		{24008041-4735-4682-B679-128FF8A899CC}.Release|Any CPU.Build.0 = Release|Any CPU
	EndGlobalSection
	GlobalSection(SolutionProperties) = preSolution
		HideSolutionNode = FALSE
	EndGlobalSection
	GlobalSection(ExtensibilityGlobals) = postSolution
		SolutionGuid = {30F599BC-8606-426D-B4AF-8424DA866485}
	EndGlobalSection
EndGlobal
