
Microsoft Visual Studio Solution File, Format Version 12.00
# Visual Studio Version 16
VisualStudioVersion = 16.0.31229.75
MinimumVisualStudioVersion = 10.0.40219.1
Project("{FAE04EC0-301F-11D3-BF4B-00C04F79EFBC}") = "Sort-Even-Numbers", "Sort-Even-Numbers\Sort-Even-Numbers.csproj", "{B493D3C1-261D-479F-81C8-71F446DAF4D7}"
EndProject
Project("{FAE04EC0-301F-11D3-BF4B-00C04F79EFBC}") = "Sum-Numbers", "Sum-Numbers\Sum-Numbers.csproj", "{626E3AC0-4D1C-459A-A918-C53F46342994}"
EndProject
Project("{FAE04EC0-301F-11D3-BF4B-00C04F79EFBC}") = "Count-Uppercase-Words", "Count-Uppercase-Words\Count-Uppercase-Words.csproj", "{975B7C54-4C05-41BB-A552-897B26E3B802}"
EndProject
Project("{FAE04EC0-301F-11D3-BF4B-00C04F79EFBC}") = "Add-VAT", "Add-VAT\Add-VAT.csproj", "{5D6A36B1-495A-473D-A631-B7D5358FEE48}"
EndProject
Project("{FAE04EC0-301F-11D3-BF4B-00C04F79EFBC}") = "Filter-By-Age", "Filter-By-Age\Filter-By-Age.csproj", "{E14A82FD-2D08-4444-B244-694B196B9399}"
EndProject
Global
	GlobalSection(SolutionConfigurationPlatforms) = preSolution
		Debug|Any CPU = Debug|Any CPU
		Release|Any CPU = Release|Any CPU
	EndGlobalSection
	GlobalSection(ProjectConfigurationPlatforms) = postSolution
		{B493D3C1-261D-479F-81C8-71F446DAF4D7}.Debug|Any CPU.ActiveCfg = Debug|Any CPU
		{B493D3C1-261D-479F-81C8-71F446DAF4D7}.Debug|Any CPU.Build.0 = Debug|Any CPU
		{B493D3C1-261D-479F-81C8-71F446DAF4D7}.Release|Any CPU.ActiveCfg = Release|Any CPU
		{B493D3C1-261D-479F-81C8-71F446DAF4D7}.Release|Any CPU.Build.0 = Release|Any CPU
		{626E3AC0-4D1C-459A-A918-C53F46342994}.Debug|Any CPU.ActiveCfg = Debug|Any CPU
		{626E3AC0-4D1C-459A-A918-C53F46342994}.Debug|Any CPU.Build.0 = Debug|Any CPU
		{626E3AC0-4D1C-459A-A918-C53F46342994}.Release|Any CPU.ActiveCfg = Release|Any CPU
		{626E3AC0-4D1C-459A-A918-C53F46342994}.Release|Any CPU.Build.0 = Release|Any CPU
		{975B7C54-4C05-41BB-A552-897B26E3B802}.Debug|Any CPU.ActiveCfg = Debug|Any CPU
		{975B7C54-4C05-41BB-A552-897B26E3B802}.Debug|Any CPU.Build.0 = Debug|Any CPU
		{975B7C54-4C05-41BB-A552-897B26E3B802}.Release|Any CPU.ActiveCfg = Release|Any CPU
		{975B7C54-4C05-41BB-A552-897B26E3B802}.Release|Any CPU.Build.0 = Release|Any CPU
		{5D6A36B1-495A-473D-A631-B7D5358FEE48}.Debug|Any CPU.ActiveCfg = Debug|Any CPU
		{5D6A36B1-495A-473D-A631-B7D5358FEE48}.Debug|Any CPU.Build.0 = Debug|Any CPU
		{5D6A36B1-495A-473D-A631-B7D5358FEE48}.Release|Any CPU.ActiveCfg = Release|Any CPU
		{5D6A36B1-495A-473D-A631-B7D5358FEE48}.Release|Any CPU.Build.0 = Release|Any CPU
		{E14A82FD-2D08-4444-B244-694B196B9399}.Debug|Any CPU.ActiveCfg = Debug|Any CPU
		{E14A82FD-2D08-4444-B244-694B196B9399}.Debug|Any CPU.Build.0 = Debug|Any CPU
		{E14A82FD-2D08-4444-B244-694B196B9399}.Release|Any CPU.ActiveCfg = Release|Any CPU
		{E14A82FD-2D08-4444-B244-694B196B9399}.Release|Any CPU.Build.0 = Release|Any CPU
	EndGlobalSection
	GlobalSection(SolutionProperties) = preSolution
		HideSolutionNode = FALSE
	EndGlobalSection
	GlobalSection(ExtensibilityGlobals) = postSolution
		SolutionGuid = {8D2CDC3C-1033-4672-8832-DB2A1E9ABEE7}
	EndGlobalSection
EndGlobal
