
Microsoft Visual Studio Solution File, Format Version 12.00
# Visual Studio Version 16
VisualStudioVersion = 16.0.31229.75
MinimumVisualStudioVersion = 10.0.40219.1
Project("{FAE04EC0-301F-11D3-BF4B-00C04F79EFBC}") = "1zad", "1zad\1zad.csproj", "{0C757065-40CB-44E7-A64F-BEFF2FD93277}"
EndProject
Project("{FAE04EC0-301F-11D3-BF4B-00C04F79EFBC}") = "Survivor", "Survivor\Survivor.csproj", "{F9862438-22D4-469C-94E0-5383071295C0}"
EndProject
Project("{9A19103F-16F7-4668-BE54-9A1E7A4F7556}") = "SkiRental", "SkiRental\SkiRental.csproj", "{9115525D-3D6B-4A52-8F2C-2CD33038D442}"
EndProject
Global
	GlobalSection(SolutionConfigurationPlatforms) = preSolution
		Debug|Any CPU = Debug|Any CPU
		Release|Any CPU = Release|Any CPU
	EndGlobalSection
	GlobalSection(ProjectConfigurationPlatforms) = postSolution
		{0C757065-40CB-44E7-A64F-BEFF2FD93277}.Debug|Any CPU.ActiveCfg = Debug|Any CPU
		{0C757065-40CB-44E7-A64F-BEFF2FD93277}.Debug|Any CPU.Build.0 = Debug|Any CPU
		{0C757065-40CB-44E7-A64F-BEFF2FD93277}.Release|Any CPU.ActiveCfg = Release|Any CPU
		{0C757065-40CB-44E7-A64F-BEFF2FD93277}.Release|Any CPU.Build.0 = Release|Any CPU
		{F9862438-22D4-469C-94E0-5383071295C0}.Debug|Any CPU.ActiveCfg = Debug|Any CPU
		{F9862438-22D4-469C-94E0-5383071295C0}.Debug|Any CPU.Build.0 = Debug|Any CPU
		{F9862438-22D4-469C-94E0-5383071295C0}.Release|Any CPU.ActiveCfg = Release|Any CPU
		{F9862438-22D4-469C-94E0-5383071295C0}.Release|Any CPU.Build.0 = Release|Any CPU
		{9115525D-3D6B-4A52-8F2C-2CD33038D442}.Debug|Any CPU.ActiveCfg = Debug|Any CPU
		{9115525D-3D6B-4A52-8F2C-2CD33038D442}.Debug|Any CPU.Build.0 = Debug|Any CPU
		{9115525D-3D6B-4A52-8F2C-2CD33038D442}.Release|Any CPU.ActiveCfg = Release|Any CPU
		{9115525D-3D6B-4A52-8F2C-2CD33038D442}.Release|Any CPU.Build.0 = Release|Any CPU
	EndGlobalSection
	GlobalSection(SolutionProperties) = preSolution
		HideSolutionNode = FALSE
	EndGlobalSection
	GlobalSection(ExtensibilityGlobals) = postSolution
		SolutionGuid = {096A10D8-6AA5-4CA4-A8F9-FE64855BCF71}
	EndGlobalSection
EndGlobal
