
Microsoft Visual Studio Solution File, Format Version 12.00
# Visual Studio Version 16
VisualStudioVersion = 16.0.28803.452
MinimumVisualStudioVersion = 10.0.40219.1
Project("{FAE04EC0-301F-11D3-BF4B-00C04F79EFBC}") = "Concert", "Concert\Concert.csproj", "{CF5EBC64-DC94-4C64-AD2C-A3A03F21DFA7}"
EndProject
Project("{FAE04EC0-301F-11D3-BF4B-00C04F79EFBC}") = "Song-Encryption", "Song-Encryption\Song-Encryption.csproj", "{C19975BD-1D75-412A-9203-3FAD0FD476D2}"
EndProject
Project("{FAE04EC0-301F-11D3-BF4B-00C04F79EFBC}") = "Isle-Of-Man-Race", "Isle-Of-Man-Race\Isle-Of-Man-Race.csproj", "{731E6888-B6A9-42FE-B6A9-DB445E128333}"
EndProject
Global
	GlobalSection(SolutionConfigurationPlatforms) = preSolution
		Debug|Any CPU = Debug|Any CPU
		Release|Any CPU = Release|Any CPU
	EndGlobalSection
	GlobalSection(ProjectConfigurationPlatforms) = postSolution
		{CF5EBC64-DC94-4C64-AD2C-A3A03F21DFA7}.Debug|Any CPU.ActiveCfg = Debug|Any CPU
		{CF5EBC64-DC94-4C64-AD2C-A3A03F21DFA7}.Debug|Any CPU.Build.0 = Debug|Any CPU
		{CF5EBC64-DC94-4C64-AD2C-A3A03F21DFA7}.Release|Any CPU.ActiveCfg = Release|Any CPU
		{CF5EBC64-DC94-4C64-AD2C-A3A03F21DFA7}.Release|Any CPU.Build.0 = Release|Any CPU
		{C19975BD-1D75-412A-9203-3FAD0FD476D2}.Debug|Any CPU.ActiveCfg = Debug|Any CPU
		{C19975BD-1D75-412A-9203-3FAD0FD476D2}.Debug|Any CPU.Build.0 = Debug|Any CPU
		{C19975BD-1D75-412A-9203-3FAD0FD476D2}.Release|Any CPU.ActiveCfg = Release|Any CPU
		{C19975BD-1D75-412A-9203-3FAD0FD476D2}.Release|Any CPU.Build.0 = Release|Any CPU
		{731E6888-B6A9-42FE-B6A9-DB445E128333}.Debug|Any CPU.ActiveCfg = Debug|Any CPU
		{731E6888-B6A9-42FE-B6A9-DB445E128333}.Debug|Any CPU.Build.0 = Debug|Any CPU
		{731E6888-B6A9-42FE-B6A9-DB445E128333}.Release|Any CPU.ActiveCfg = Release|Any CPU
		{731E6888-B6A9-42FE-B6A9-DB445E128333}.Release|Any CPU.Build.0 = Release|Any CPU
	EndGlobalSection
	GlobalSection(SolutionProperties) = preSolution
		HideSolutionNode = FALSE
	EndGlobalSection
	GlobalSection(ExtensibilityGlobals) = postSolution
		SolutionGuid = {DDBEB1F2-C37D-4773-93A6-81765B3CA66F}
	EndGlobalSection
EndGlobal
