
Microsoft Visual Studio Solution File, Format Version 12.00
# Visual Studio Version 16
VisualStudioVersion = 16.0.28803.452
MinimumVisualStudioVersion = 10.0.40219.1
Project("{9A19103F-16F7-4668-BE54-9A1E7A4F7556}") = "Extract-Person-Information", "Extract-Person-Information\Extract-Person-Information.csproj", "{A1CD5199-8031-45FE-9F99-5A75E99F9296}"
EndProject
Project("{FAE04EC0-301F-11D3-BF4B-00C04F79EFBC}") = "Ascii-Sumator", "Ascii-Sumator\Ascii-Sumator.csproj", "{B2DE2795-208C-4693-9842-7A8FC45943AE}"
EndProject
Project("{FAE04EC0-301F-11D3-BF4B-00C04F79EFBC}") = "Treasure-Finder", "Treasure-Finder\Treasure-Finder.csproj", "{DB1A76E2-E73F-4438-BCEB-E2CE25569756}"
EndProject
Project("{FAE04EC0-301F-11D3-BF4B-00C04F79EFBC}") = "Morse-Code-Translator", "Morse-Code-Translator\Morse-Code-Translator.csproj", "{DE909A01-7F47-4DB8-B4E1-BCC9F6F77578}"
EndProject
Project("{FAE04EC0-301F-11D3-BF4B-00C04F79EFBC}") = "HTML", "HTML\HTML.csproj", "{4E822CA8-10C4-41C0-BB93-9346A030AE3D}"
EndProject
Global
	GlobalSection(SolutionConfigurationPlatforms) = preSolution
		Debug|Any CPU = Debug|Any CPU
		Release|Any CPU = Release|Any CPU
	EndGlobalSection
	GlobalSection(ProjectConfigurationPlatforms) = postSolution
		{A1CD5199-8031-45FE-9F99-5A75E99F9296}.Debug|Any CPU.ActiveCfg = Debug|Any CPU
		{A1CD5199-8031-45FE-9F99-5A75E99F9296}.Debug|Any CPU.Build.0 = Debug|Any CPU
		{A1CD5199-8031-45FE-9F99-5A75E99F9296}.Release|Any CPU.ActiveCfg = Release|Any CPU
		{A1CD5199-8031-45FE-9F99-5A75E99F9296}.Release|Any CPU.Build.0 = Release|Any CPU
		{B2DE2795-208C-4693-9842-7A8FC45943AE}.Debug|Any CPU.ActiveCfg = Debug|Any CPU
		{B2DE2795-208C-4693-9842-7A8FC45943AE}.Debug|Any CPU.Build.0 = Debug|Any CPU
		{B2DE2795-208C-4693-9842-7A8FC45943AE}.Release|Any CPU.ActiveCfg = Release|Any CPU
		{B2DE2795-208C-4693-9842-7A8FC45943AE}.Release|Any CPU.Build.0 = Release|Any CPU
		{DB1A76E2-E73F-4438-BCEB-E2CE25569756}.Debug|Any CPU.ActiveCfg = Debug|Any CPU
		{DB1A76E2-E73F-4438-BCEB-E2CE25569756}.Debug|Any CPU.Build.0 = Debug|Any CPU
		{DB1A76E2-E73F-4438-BCEB-E2CE25569756}.Release|Any CPU.ActiveCfg = Release|Any CPU
		{DB1A76E2-E73F-4438-BCEB-E2CE25569756}.Release|Any CPU.Build.0 = Release|Any CPU
		{DE909A01-7F47-4DB8-B4E1-BCC9F6F77578}.Debug|Any CPU.ActiveCfg = Debug|Any CPU
		{DE909A01-7F47-4DB8-B4E1-BCC9F6F77578}.Debug|Any CPU.Build.0 = Debug|Any CPU
		{DE909A01-7F47-4DB8-B4E1-BCC9F6F77578}.Release|Any CPU.ActiveCfg = Release|Any CPU
		{DE909A01-7F47-4DB8-B4E1-BCC9F6F77578}.Release|Any CPU.Build.0 = Release|Any CPU
		{4E822CA8-10C4-41C0-BB93-9346A030AE3D}.Debug|Any CPU.ActiveCfg = Debug|Any CPU
		{4E822CA8-10C4-41C0-BB93-9346A030AE3D}.Debug|Any CPU.Build.0 = Debug|Any CPU
		{4E822CA8-10C4-41C0-BB93-9346A030AE3D}.Release|Any CPU.ActiveCfg = Release|Any CPU
		{4E822CA8-10C4-41C0-BB93-9346A030AE3D}.Release|Any CPU.Build.0 = Release|Any CPU
	EndGlobalSection
	GlobalSection(SolutionProperties) = preSolution
		HideSolutionNode = FALSE
	EndGlobalSection
	GlobalSection(ExtensibilityGlobals) = postSolution
		SolutionGuid = {924519EB-780D-4C07-8C2F-DEEB0333C6A7}
	EndGlobalSection
EndGlobal
